
Microsoft Visual Studio Solution File, Format Version 12.00
# Visual Studio Version 17
VisualStudioVersion = 17.4.33205.214
MinimumVisualStudioVersion = 10.0.40219.1
Project("{FAE04EC0-301F-11D3-BF4B-00C04F79EFBC}") = "Presentation", "Presentation\Presentation.csproj", "{3AFD8250-B591-42ED-B10C-E83E54D651B4}"
EndProject
Project("{FAE04EC0-301F-11D3-BF4B-00C04F79EFBC}") = "Domain", "Domain\Domain.csproj", "{828E1329-1904-463E-8F40-C7D7567BC804}"
EndProject
Project("{FAE04EC0-301F-11D3-BF4B-00C04F79EFBC}") = "Infrastructure", "Infrastructure\Infrastructure.csproj", "{23D4E94F-C8C0-40D8-9285-0F7A23D81A52}"
EndProject
Project("{FAE04EC0-301F-11D3-BF4B-00C04F79EFBC}") = "App", "App\App.csproj", "{5DDAE202-F39F-48A5-BD89-ADCFFD39CE09}"
EndProject
Global
	GlobalSection(SolutionConfigurationPlatforms) = preSolution
		Debug|Any CPU = Debug|Any CPU
		Release|Any CPU = Release|Any CPU
	EndGlobalSection
	GlobalSection(ProjectConfigurationPlatforms) = postSolution
		{3AFD8250-B591-42ED-B10C-E83E54D651B4}.Debug|Any CPU.ActiveCfg = Debug|Any CPU
		{3AFD8250-B591-42ED-B10C-E83E54D651B4}.Debug|Any CPU.Build.0 = Debug|Any CPU
		{3AFD8250-B591-42ED-B10C-E83E54D651B4}.Release|Any CPU.ActiveCfg = Release|Any CPU
		{3AFD8250-B591-42ED-B10C-E83E54D651B4}.Release|Any CPU.Build.0 = Release|Any CPU
		{828E1329-1904-463E-8F40-C7D7567BC804}.Debug|Any CPU.ActiveCfg = Debug|Any CPU
		{828E1329-1904-463E-8F40-C7D7567BC804}.Debug|Any CPU.Build.0 = Debug|Any CPU
		{828E1329-1904-463E-8F40-C7D7567BC804}.Release|Any CPU.ActiveCfg = Release|Any CPU
		{828E1329-1904-463E-8F40-C7D7567BC804}.Release|Any CPU.Build.0 = Release|Any CPU
		{23D4E94F-C8C0-40D8-9285-0F7A23D81A52}.Debug|Any CPU.ActiveCfg = Debug|Any CPU
		{23D4E94F-C8C0-40D8-9285-0F7A23D81A52}.Debug|Any CPU.Build.0 = Debug|Any CPU
		{23D4E94F-C8C0-40D8-9285-0F7A23D81A52}.Release|Any CPU.ActiveCfg = Release|Any CPU
		{23D4E94F-C8C0-40D8-9285-0F7A23D81A52}.Release|Any CPU.Build.0 = Release|Any CPU
		{5DDAE202-F39F-48A5-BD89-ADCFFD39CE09}.Debug|Any CPU.ActiveCfg = Debug|Any CPU
		{5DDAE202-F39F-48A5-BD89-ADCFFD39CE09}.Debug|Any CPU.Build.0 = Debug|Any CPU
		{5DDAE202-F39F-48A5-BD89-ADCFFD39CE09}.Release|Any CPU.ActiveCfg = Release|Any CPU
		{5DDAE202-F39F-48A5-BD89-ADCFFD39CE09}.Release|Any CPU.Build.0 = Release|Any CPU
	EndGlobalSection
	GlobalSection(SolutionProperties) = preSolution
		HideSolutionNode = FALSE
	EndGlobalSection
	GlobalSection(ExtensibilityGlobals) = postSolution
		SolutionGuid = {3790D3ED-B2DC-4F47-868E-FB3B12F1FA07}
	EndGlobalSection
EndGlobal
